
Microsoft Visual Studio Solution File, Format Version 12.00
# Visual Studio Version 17
VisualStudioVersion = 17.5.33414.496
MinimumVisualStudioVersion = 10.0.40219.1
Project("{9A19103F-16F7-4668-BE54-9A1E7A4F7556}") = "cTabWebApp", "cTabWebApp\cTabWebApp.csproj", "{5ABCA27C-EFCC-4515-8577-CF0120D36409}"
EndProject
Project("{9A19103F-16F7-4668-BE54-9A1E7A4F7556}") = "Arma3TacMapLibrary", "..\Arma3TacMap\Arma3TacMapLibrary\Arma3TacMapLibrary.csproj", "{FD8AE72B-064A-4C82-AAF5-7A24D2C7BDE4}"
EndProject
Project("{9A19103F-16F7-4668-BE54-9A1E7A4F7556}") = "Arma3TacMapLibraryTest", "..\Arma3TacMap\Arma3TacMapLibraryTest\Arma3TacMapLibraryTest.csproj", "{38144B60-B977-4B16-99AC-238EAE8D43DF}"
EndProject
Project("{FAE04EC0-301F-11D3-BF4B-00C04F79EFBC}") = "cTabWebAppTest", "cTabWebAppTest\cTabWebAppTest.csproj", "{1F25D93A-9058-47E1-A692-613D1FF159C3}"
EndProject
Project("{2150E333-8FDC-42A3-9474-1A3956D46DE8}") = "Éléments de solution", "Éléments de solution", "{B8D2384E-08C0-4D68-B4C5-8FE5F1529334}"
	ProjectSection(SolutionItems) = preProject
		..\.github\workflows\ctab.yml = ..\.github\workflows\ctab.yml
		..\.github\workflows\ctabirl.yml = ..\.github\workflows\ctabirl.yml
		..\.github\workflows\dotnet.yml = ..\.github\workflows\dotnet.yml
		..\.github\workflows\release-dotnet.yml = ..\.github\workflows\release-dotnet.yml
		..\.github\workflows\release-mods.yml = ..\.github\workflows\release-mods.yml
	EndProjectSection
EndProject
Global
	GlobalSection(SolutionConfigurationPlatforms) = preSolution
		Debug|Any CPU = Debug|Any CPU
		DebugCloud|Any CPU = DebugCloud|Any CPU
		Release|Any CPU = Release|Any CPU
		ReleaseCloud|Any CPU = ReleaseCloud|Any CPU
	EndGlobalSection
	GlobalSection(ProjectConfigurationPlatforms) = postSolution
		{5ABCA27C-EFCC-4515-8577-CF0120D36409}.Debug|Any CPU.ActiveCfg = Debug|Any CPU
		{5ABCA27C-EFCC-4515-8577-CF0120D36409}.Debug|Any CPU.Build.0 = Debug|Any CPU
		{5ABCA27C-EFCC-4515-8577-CF0120D36409}.DebugCloud|Any CPU.ActiveCfg = DebugCloud|Any CPU
		{5ABCA27C-EFCC-4515-8577-CF0120D36409}.DebugCloud|Any CPU.Build.0 = DebugCloud|Any CPU
		{5ABCA27C-EFCC-4515-8577-CF0120D36409}.Release|Any CPU.ActiveCfg = Release|Any CPU
		{5ABCA27C-EFCC-4515-8577-CF0120D36409}.Release|Any CPU.Build.0 = Release|Any CPU
		{5ABCA27C-EFCC-4515-8577-CF0120D36409}.ReleaseCloud|Any CPU.ActiveCfg = ReleaseCloud|Any CPU
		{5ABCA27C-EFCC-4515-8577-CF0120D36409}.ReleaseCloud|Any CPU.Build.0 = ReleaseCloud|Any CPU
		{FD8AE72B-064A-4C82-AAF5-7A24D2C7BDE4}.Debug|Any CPU.ActiveCfg = Debug|Any CPU
		{FD8AE72B-064A-4C82-AAF5-7A24D2C7BDE4}.Debug|Any CPU.Build.0 = Debug|Any CPU
		{FD8AE72B-064A-4C82-AAF5-7A24D2C7BDE4}.DebugCloud|Any CPU.ActiveCfg = Debug|Any CPU
		{FD8AE72B-064A-4C82-AAF5-7A24D2C7BDE4}.DebugCloud|Any CPU.Build.0 = Debug|Any CPU
		{FD8AE72B-064A-4C82-AAF5-7A24D2C7BDE4}.Release|Any CPU.ActiveCfg = Release|Any CPU
		{FD8AE72B-064A-4C82-AAF5-7A24D2C7BDE4}.Release|Any CPU.Build.0 = Release|Any CPU
		{FD8AE72B-064A-4C82-AAF5-7A24D2C7BDE4}.ReleaseCloud|Any CPU.ActiveCfg = Release|Any CPU
		{FD8AE72B-064A-4C82-AAF5-7A24D2C7BDE4}.ReleaseCloud|Any CPU.Build.0 = Release|Any CPU
		{38144B60-B977-4B16-99AC-238EAE8D43DF}.Debug|Any CPU.ActiveCfg = Debug|Any CPU
		{38144B60-B977-4B16-99AC-238EAE8D43DF}.Debug|Any CPU.Build.0 = Debug|Any CPU
		{38144B60-B977-4B16-99AC-238EAE8D43DF}.DebugCloud|Any CPU.ActiveCfg = Debug|Any CPU
		{38144B60-B977-4B16-99AC-238EAE8D43DF}.DebugCloud|Any CPU.Build.0 = Debug|Any CPU
		{38144B60-B977-4B16-99AC-238EAE8D43DF}.Release|Any CPU.ActiveCfg = Release|Any CPU
		{38144B60-B977-4B16-99AC-238EAE8D43DF}.Release|Any CPU.Build.0 = Release|Any CPU
		{38144B60-B977-4B16-99AC-238EAE8D43DF}.ReleaseCloud|Any CPU.ActiveCfg = Release|Any CPU
		{38144B60-B977-4B16-99AC-238EAE8D43DF}.ReleaseCloud|Any CPU.Build.0 = Release|Any CPU
		{1F25D93A-9058-47E1-A692-613D1FF159C3}.Debug|Any CPU.ActiveCfg = Debug|Any CPU
		{1F25D93A-9058-47E1-A692-613D1FF159C3}.Debug|Any CPU.Build.0 = Debug|Any CPU
		{1F25D93A-9058-47E1-A692-613D1FF159C3}.DebugCloud|Any CPU.ActiveCfg = Debug|Any CPU
		{1F25D93A-9058-47E1-A692-613D1FF159C3}.DebugCloud|Any CPU.Build.0 = Debug|Any CPU
		{1F25D93A-9058-47E1-A692-613D1FF159C3}.Release|Any CPU.ActiveCfg = Release|Any CPU
		{1F25D93A-9058-47E1-A692-613D1FF159C3}.Release|Any CPU.Build.0 = Release|Any CPU
		{1F25D93A-9058-47E1-A692-613D1FF159C3}.ReleaseCloud|Any CPU.ActiveCfg = Release|Any CPU
		{1F25D93A-9058-47E1-A692-613D1FF159C3}.ReleaseCloud|Any CPU.Build.0 = Release|Any CPU
	EndGlobalSection
	GlobalSection(SolutionProperties) = preSolution
		HideSolutionNode = FALSE
	EndGlobalSection
	GlobalSection(ExtensibilityGlobals) = postSolution
		SolutionGuid = {8E55209F-55C7-44AE-B0FE-B159211F4A7F}
	EndGlobalSection
EndGlobal
